// !$*UTF8*$!
{
	archiveVersion = 1;
	classes = {
	};
	objectVersion = 50;
	objects = {

/* Begin PBXBuildFile section */
		78A13AAF2291F74D00FD98AD /* DummyCollectionView.swift in Sources */ = {isa = PBXBuildFile; fileRef = 78A13AAE2291F74D00FD98AD /* DummyCollectionView.swift */; };
		78A13AB12291F77B00FD98AD /* DummyCell.swift in Sources */ = {isa = PBXBuildFile; fileRef = 78A13AB02291F77B00FD98AD /* DummyCell.swift */; };
		C72C4546226E3F540044706C /* AppDelegate.swift in Sources */ = {isa = PBXBuildFile; fileRef = C72C4545226E3F540044706C /* AppDelegate.swift */; };
		C72C4548226E3F540044706C /* ViewController.swift in Sources */ = {isa = PBXBuildFile; fileRef = C72C4547226E3F540044706C /* ViewController.swift */; };
		C72C454B226E3F540044706C /* Main.storyboard in Resources */ = {isa = PBXBuildFile; fileRef = C72C4549226E3F540044706C /* Main.storyboard */; };
		C72C454D226E3F550044706C /* Assets.xcassets in Resources */ = {isa = PBXBuildFile; fileRef = C72C454C226E3F550044706C /* Assets.xcassets */; };
		C72C4550226E3F550044706C /* LaunchScreen.storyboard in Resources */ = {isa = PBXBuildFile; fileRef = C72C454E226E3F550044706C /* LaunchScreen.storyboard */; };
/* End PBXBuildFile section */

/* Begin PBXFileReference section */
		78A13AAE2291F74D00FD98AD /* DummyCollectionView.swift */ = {isa = PBXFileReference; lastKnownFileType = sourcecode.swift; path = DummyCollectionView.swift; sourceTree = "<group>"; };
		78A13AB02291F77B00FD98AD /* DummyCell.swift */ = {isa = PBXFileReference; lastKnownFileType = sourcecode.swift; path = DummyCell.swift; sourceTree = "<group>"; };
		C72C4542226E3F540044706C /* AsyncAwaitDemo.app */ = {isa = PBXFileReference; explicitFileType = wrapper.application; includeInIndex = 0; path = AsyncAwaitDemo.app; sourceTree = BUILT_PRODUCTS_DIR; };
		C72C4545226E3F540044706C /* AppDelegate.swift */ = {isa = PBXFileReference; lastKnownFileType = sourcecode.swift; path = AppDelegate.swift; sourceTree = "<group>"; };
		C72C4547226E3F540044706C /* ViewController.swift */ = {isa = PBXFileReference; lastKnownFileType = sourcecode.swift; path = ViewController.swift; sourceTree = "<group>"; };
		C72C454A226E3F540044706C /* Base */ = {isa = PBXFileReference; lastKnownFileType = file.storyboard; name = Base; path = Base.lproj/Main.storyboard; sourceTree = "<group>"; };
		C72C454C226E3F550044706C /* Assets.xcassets */ = {isa = PBXFileReference; lastKnownFileType = folder.assetcatalog; path = Assets.xcassets; sourceTree = "<group>"; };
		C72C454F226E3F550044706C /* Base */ = {isa = PBXFileReference; lastKnownFileType = file.storyboard; name = Base; path = Base.lproj/LaunchScreen.storyboard; sourceTree = "<group>"; };
		C72C4551226E3F550044706C /* Info.plist */ = {isa = PBXFileReference; lastKnownFileType = text.plist.xml; path = Info.plist; sourceTree = "<group>"; };
/* End PBXFileReference section */

/* Begin PBXFrameworksBuildPhase section */
		C72C453F226E3F540044706C /* Frameworks */ = {
			isa = PBXFrameworksBuildPhase;
			buildActionMask = 2147483647;
			files = (
			);
			runOnlyForDeploymentPostprocessing = 0;
		};
/* End PBXFrameworksBuildPhase section */

/* Begin PBXGroup section */
		C72C4539226E3F540044706C = {
			isa = PBXGroup;
			children = (
				C72C4544226E3F540044706C /* AsyncAwaitDemo */,
				C72C4543226E3F540044706C /* Products */,
			);
			sourceTree = "<group>";
		};
		C72C4543226E3F540044706C /* Products */ = {
			isa = PBXGroup;
			children = (
				C72C4542226E3F540044706C /* AsyncAwaitDemo.app */,
			);
			name = Products;
			sourceTree = "<group>";
		};
		C72C4544226E3F540044706C /* AsyncAwaitDemo */ = {
			isa = PBXGroup;
			children = (
				C72C4545226E3F540044706C /* AppDelegate.swift */,
				C72C4547226E3F540044706C /* ViewController.swift */,
				C72C4549226E3F540044706C /* Main.storyboard */,
				C72C454C226E3F550044706C /* Assets.xcassets */,
				C72C454E226E3F550044706C /* LaunchScreen.storyboard */,
				C72C4551226E3F550044706C /* Info.plist */,
				78A13AAE2291F74D00FD98AD /* DummyCollectionView.swift */,
				78A13AB02291F77B00FD98AD /* DummyCell.swift */,
			);
			path = AsyncAwaitDemo;
			sourceTree = "<group>";
		};
/* End PBXGroup section */

/* Begin PBXNativeTarget section */
		C72C4541226E3F540044706C /* AsyncAwaitDemo */ = {
			isa = PBXNativeTarget;
			buildConfigurationList = C72C4554226E3F550044706C /* Build configuration list for PBXNativeTarget "AsyncAwaitDemo" */;
			buildPhases = (
				C72C453E226E3F540044706C /* Sources */,
				C72C453F226E3F540044706C /* Frameworks */,
				C72C4540226E3F540044706C /* Resources */,
			);
			buildRules = (
			);
			dependencies = (
			);
			name = AsyncAwaitDemo;
			productName = AsyncAwaitDemo;
			productReference = C72C4542226E3F540044706C /* AsyncAwaitDemo.app */;
			productType = "com.apple.product-type.application";
		};
/* End PBXNativeTarget section */

/* Begin PBXProject section */
		C72C453A226E3F540044706C /* Project object */ = {
			isa = PBXProject;
			attributes = {
				LastSwiftUpdateCheck = 1020;
				LastUpgradeCheck = 1020;
				ORGANIZATIONNAME = "Brian Voong";
				TargetAttributes = {
					C72C4541226E3F540044706C = {
						CreatedOnToolsVersion = 10.2;
					};
				};
			};
			buildConfigurationList = C72C453D226E3F540044706C /* Build configuration list for PBXProject "AsyncAwaitDemo" */;
			compatibilityVersion = "Xcode 9.3";
			developmentRegion = en;
			hasScannedForEncodings = 0;
			knownRegions = (
				en,
				Base,
			);
			mainGroup = C72C4539226E3F540044706C;
			productRefGroup = C72C4543226E3F540044706C /* Products */;
			projectDirPath = "";
			projectRoot = "";
			targets = (
				C72C4541226E3F540044706C /* AsyncAwaitDemo */,
			);
		};
/* End PBXProject section */

/* Begin PBXResourcesBuildPhase section */
		C72C4540226E3F540044706C /* Resources */ = {
			isa = PBXResourcesBuildPhase;
			buildActionMask = 2147483647;
			files = (
				C72C4550226E3F550044706C /* LaunchScreen.storyboard in Resources */,
				C72C454D226E3F550044706C /* Assets.xcassets in Resources */,
				C72C454B226E3F540044706C /* Main.storyboard in Resources */,
			);
			runOnlyForDeploymentPostprocessing = 0;
		};
/* End PBXResourcesBuildPhase section */

/* Begin PBXSourcesBuildPhase section */
		C72C453E226E3F540044706C /* Sources */ = {
			isa = PBXSourcesBuildPhase;
			buildActionMask = 2147483647;
			files = (
				C72C4548226E3F540044706C /* ViewController.swift in Sources */,
				78A13AAF2291F74D00FD98AD /* DummyCollectionView.swift in Sources */,
				78A13AB12291F77B00FD98AD /* DummyCell.swift in Sources */,
				C72C4546226E3F540044706C /* AppDelegate.swift in Sources */,
			);
			runOnlyForDeploymentPostprocessing = 0;
		};
/* End PBXSourcesBuildPhase section */

/* Begin PBXVariantGroup section */
		C72C4549226E3F540044706C /* Main.storyboard */ = {
			isa = PBXVariantGroup;
			children = (
				C72C454A226E3F540044706C /* Base */,
			);
			name = Main.storyboard;
			sourceTree = "<group>";
		};
		C72C454E226E3F550044706C /* LaunchScreen.storyboard */ = {
			isa = PBXVariantGroup;
			children = (
				C72C454F226E3F550044706C /* Base */,
			);
			name = LaunchScreen.storyboard;
			sourceTree = "<group>";
		};
/* End PBXVariantGroup section */

/* Begin XCBuildConfiguration section */
		C72C4552226E3F550044706C /* Debug */ = {
			isa = XCBuildConfiguration;
			buildSettings = {
				ALWAYS_SEARCH_USER_PATHS = NO;
				CLANG_ANALYZER_NONNULL = YES;
				CLANG_ANALYZER_NUMBER_OBJECT_CONVERSION = YES_AGGRESSIVE;
				CLANG_CXX_LANGUAGE_STANDARD = "gnu++14";
				CLANG_CXX_LIBRARY = "libc++";
				CLANG_ENABLE_MODULES = YES;
				CLANG_ENABLE_OBJC_ARC = YES;
				CLANG_ENABLE_OBJC_WEAK = YES;
				CLANG_WARN_BLOCK_CAPTURE_AUTORELEASING = YES;
				CLANG_WARN_BOOL_CONVERSION = YES;
				CLANG_WARN_COMMA = YES;
				CLANG_WARN_CONSTANT_CONVERSION = YES;
				CLANG_WARN_DEPRECATED_OBJC_IMPLEMENTATIONS = YES;
				CLANG_WARN_DIRECT_OBJC_ISA_USAGE = YES_ERROR;
				CLANG_WARN_DOCUMENTATION_COMMENTS = YES;
				CLANG_WARN_EMPTY_BODY = YES;
				CLANG_WARN_ENUM_CONVERSION = YES;
				CLANG_WARN_INFINITE_RECURSION = YES;
				CLANG_WARN_INT_CONVERSION = YES;
				CLANG_WARN_NON_LITERAL_NULL_CONVERSION = YES;
				CLANG_WARN_OBJC_IMPLICIT_RETAIN_SELF = YES;
				CLANG_WARN_OBJC_LITERAL_CONVERSION = YES;
				CLANG_WARN_OBJC_ROOT_CLASS = YES_ERROR;
				CLANG_WARN_RANGE_LOOP_ANALYSIS = YES;
				CLANG_WARN_STRICT_PROTOTYPES = YES;
				CLANG_WARN_SUSPICIOUS_MOVE = YES;
				CLANG_WARN_UNGUARDED_AVAILABILITY = YES_AGGRESSIVE;
				CLANG_WARN_UNREACHABLE_CODE = YES;
				CLANG_WARN__DUPLICATE_METHOD_MATCH = YES;
				CODE_SIGN_IDENTITY = "iPhone Developer";
				COPY_PHASE_STRIP = NO;
				DEBUG_INFORMATION_FORMAT = dwarf;
				ENABLE_STRICT_OBJC_MSGSEND = YES;
				ENABLE_TESTABILITY = YES;
				GCC_C_LANGUAGE_STANDARD = gnu11;
				GCC_DYNAMIC_NO_PIC = NO;
				GCC_NO_COMMON_BLOCKS = YES;
				GCC_OPTIMIZATION_LEVEL = 0;
				GCC_PREPROCESSOR_DEFINITIONS = (
					"DEBUG=1",
					"$(inherited)",
				);
				GCC_WARN_64_TO_32_BIT_CONVERSION = YES;
				GCC_WARN_ABOUT_RETURN_TYPE = YES_ERROR;
				GCC_WARN_UNDECLARED_SELECTOR = YES;
				GCC_WARN_UNINITIALIZED_AUTOS = YES_AGGRESSIVE;
				GCC_WARN_UNUSED_FUNCTION = YES;
				GCC_WARN_UNUSED_VARIABLE = YES;
				IPHONEOS_DEPLOYMENT_TARGET = 12.2;
				MTL_ENABLE_DEBUG_INFO = INCLUDE_SOURCE;
				MTL_FAST_MATH = YES;
				ONLY_ACTIVE_ARCH = YES;
				SDKROOT = iphoneos;
				SWIFT_ACTIVE_COMPILATION_CONDITIONS = DEBUG;
				SWIFT_OPTIMIZATION_LEVEL = "-Onone";
			};
			name = Debug;
		};
		C72C4553226E3F550044706C /* Release */ = {
			isa = XCBuildConfiguration;
			buildSettings = {
				ALWAYS_SEARCH_USER_PATHS = NO;
				CLANG_ANALYZER_NONNULL = YES;
				CLANG_ANALYZER_NUMBER_OBJECT_CONVERSION = YES_AGGRESSIVE;
				CLANG_CXX_LANGUAGE_STANDARD = "gnu++14";
				CLANG_CXX_LIBRARY = "libc++";
				CLANG_ENABLE_MODULES = YES;
				CLANG_ENABLE_OBJC_ARC = YES;
				CLANG_ENABLE_OBJC_WEAK = YES;
				CLANG_WARN_BLOCK_CAPTURE_AUTORELEASING = YES;
				CLANG_WARN_BOOL_CONVERSION = YES;
				CLANG_WARN_COMMA = YES;
				CLANG_WARN_CONSTANT_CONVERSION = YES;
				CLANG_WARN_DEPRECATED_OBJC_IMPLEMENTATIONS = YES;
				CLANG_WARN_DIRECT_OBJC_ISA_USAGE = YES_ERROR;
				CLANG_WARN_DOCUMENTATION_COMMENTS = YES;
				CLANG_WARN_EMPTY_BODY = YES;
				CLANG_WARN_ENUM_CONVERSION = YES;
				CLANG_WARN_INFINITE_RECURSION = YES;
				CLANG_WARN_INT_CONVERSION = YES;
				CLANG_WARN_NON_LITERAL_NULL_CONVERSION = YES;
				CLANG_WARN_OBJC_IMPLICIT_RETAIN_SELF = YES;
				CLANG_WARN_OBJC_LITERAL_CONVERSION = YES;
				CLANG_WARN_OBJC_ROOT_CLASS = YES_ERROR;
				CLANG_WARN_RANGE_LOOP_ANALYSIS = YES;
				CLANG_WARN_STRICT_PROTOTYPES = YES;
				CLANG_WARN_SUSPICIOUS_MOVE = YES;
				CLANG_WARN_UNGUARDED_AVAILABILITY = YES_AGGRESSIVE;
				CLANG_WARN_UNREACHABLE_CODE = YES;
				CLANG_WARN__DUPLICATE_METHOD_MATCH = YES;
				CODE_SIGN_IDENTITY = "iPhone Developer";
				COPY_PHASE_STRIP = NO;
				DEBUG_INFORMATION_FORMAT = "dwarf-with-dsym";
				ENABLE_NS_ASSERTIONS = NO;
				ENABLE_STRICT_OBJC_MSGSEND = YES;
				GCC_C_LANGUAGE_STANDARD = gnu11;
				GCC_NO_COMMON_BLOCKS = YES;
				GCC_WARN_64_TO_32_BIT_CONVERSION = YES;
				GCC_WARN_ABOUT_RETURN_TYPE = YES_ERROR;
				GCC_WARN_UNDECLARED_SELECTOR = YES;
				GCC_WARN_UNINITIALIZED_AUTOS = YES_AGGRESSIVE;
				GCC_WARN_UNUSED_FUNCTION = YES;
				GCC_WARN_UNUSED_VARIABLE = YES;
				IPHONEOS_DEPLOYMENT_TARGET = 12.2;
				MTL_ENABLE_DEBUG_INFO = NO;
				MTL_FAST_MATH = YES;
				SDKROOT = iphoneos;
				SWIFT_COMPILATION_MODE = wholemodule;
				SWIFT_OPTIMIZATION_LEVEL = "-O";
				VALIDATE_PRODUCT = YES;
			};
			name = Release;
		};
		C72C4555226E3F550044706C /* Debug */ = {
			isa = XCBuildConfiguration;
			buildSettings = {
				ASSETCATALOG_COMPILER_APPICON_NAME = AppIcon;
				CODE_SIGN_STYLE = Automatic;
				DEVELOPMENT_TEAM = 4HZZVGNXGK;
				INFOPLIST_FILE = AsyncAwaitDemo/Info.plist;
				LD_RUNPATH_SEARCH_PATHS = (
					"$(inherited)",
					"@executable_path/Frameworks",
				);
				PRODUCT_BUNDLE_IDENTIFIER = com.lbta.AsyncAwaitDemo;
				PRODUCT_NAME = "$(TARGET_NAME)";
				SWIFT_VERSION = 5.0;
				TARGETED_DEVICE_FAMILY = "1,2";
			};
			name = Debug;
		};
		C72C4556226E3F550044706C /* Release */ = {
			isa = XCBuildConfiguration;
			buildSettings = {
				ASSETCATALOG_COMPILER_APPICON_NAME = AppIcon;
				CODE_SIGN_STYLE = Automatic;
				DEVELOPMENT_TEAM = 4HZZVGNXGK;
				INFOPLIST_FILE = AsyncAwaitDemo/Info.plist;
				LD_RUNPATH_SEARCH_PATHS = (
					"$(inherited)",
					"@executable_path/Frameworks",
				);
				PRODUCT_BUNDLE_IDENTIFIER = com.lbta.AsyncAwaitDemo;
				PRODUCT_NAME = "$(TARGET_NAME)";
				SWIFT_VERSION = 5.0;
				TARGETED_DEVICE_FAMILY = "1,2";
			};
			name = Release;
		};
/* End XCBuildConfiguration section */

/* Begin XCConfigurationList section */
		C72C453D226E3F540044706C /* Build configuration list for PBXProject "AsyncAwaitDemo" */ = {
			isa = XCConfigurationList;
			buildConfigurations = (
				C72C4552226E3F550044706C /* Debug */,
				C72C4553226E3F550044706C /* Release */,
			);
			defaultConfigurationIsVisible = 0;
			defaultConfigurationName = Release;
		};
		C72C4554226E3F550044706C /* Build configuration list for PBXNativeTarget "AsyncAwaitDemo" */ = {
			isa = XCConfigurationList;
			buildConfigurations = (
				C72C4555226E3F550044706C /* Debug */,
				C72C4556226E3F550044706C /* Release */,
			);
			defaultConfigurationIsVisible = 0;
			defaultConfigurationName = Release;
		};
/* End XCConfigurationList section */
	};
	rootObject = C72C453A226E3F540044706C /* Project object */;
}
